
Microsoft Visual Studio Solution File, Format Version 12.00
# Visual Studio Version 16
VisualStudioVersion = 16.0.30804.86
MinimumVisualStudioVersion = 10.0.40219.1
Project("{FAE04EC0-301F-11D3-BF4B-00C04F79EFBC}") = "UI", "UI\UI.csproj", "{66F529CE-DE0A-4AAD-86C7-C9EB3CEB05E6}"
EndProject
Project("{FAE04EC0-301F-11D3-BF4B-00C04F79EFBC}") = "BusinessLayer", "BusinessLayer\BusinessLayer.csproj", "{A6C30167-DE49-48DF-90D4-8AA6070ED4D5}"
EndProject
Project("{FAE04EC0-301F-11D3-BF4B-00C04F79EFBC}") = "ModelLayer", "ModelLayer\ModelLayer.csproj", "{933C2F13-9C4E-4B32-8BBB-95ADE5C96CD4}"
EndProject
Project("{FAE04EC0-301F-11D3-BF4B-00C04F79EFBC}") = "UnitTest", "UnitTest\UnitTest.csproj", "{4D6AE5B2-AA11-4123-93BB-ACB7DC7FACE1}"
EndProject
Project("{FAE04EC0-301F-11D3-BF4B-00C04F79EFBC}") = "Controller", "Controller\Controller.csproj", "{690CDDEE-88F0-40AE-933A-B5DD7A9EF893}"
EndProject
Global
	GlobalSection(SolutionConfigurationPlatforms) = preSolution
		Debug|Any CPU = Debug|Any CPU
		Release|Any CPU = Release|Any CPU
	EndGlobalSection
	GlobalSection(ProjectConfigurationPlatforms) = postSolution
		{66F529CE-DE0A-4AAD-86C7-C9EB3CEB05E6}.Debug|Any CPU.ActiveCfg = Debug|Any CPU
		{66F529CE-DE0A-4AAD-86C7-C9EB3CEB05E6}.Debug|Any CPU.Build.0 = Debug|Any CPU
		{66F529CE-DE0A-4AAD-86C7-C9EB3CEB05E6}.Release|Any CPU.ActiveCfg = Release|Any CPU
		{66F529CE-DE0A-4AAD-86C7-C9EB3CEB05E6}.Release|Any CPU.Build.0 = Release|Any CPU
		{A6C30167-DE49-48DF-90D4-8AA6070ED4D5}.Debug|Any CPU.ActiveCfg = Debug|Any CPU
		{A6C30167-DE49-48DF-90D4-8AA6070ED4D5}.Debug|Any CPU.Build.0 = Debug|Any CPU
		{A6C30167-DE49-48DF-90D4-8AA6070ED4D5}.Release|Any CPU.ActiveCfg = Release|Any CPU
		{A6C30167-DE49-48DF-90D4-8AA6070ED4D5}.Release|Any CPU.Build.0 = Release|Any CPU
		{933C2F13-9C4E-4B32-8BBB-95ADE5C96CD4}.Debug|Any CPU.ActiveCfg = Debug|Any CPU
		{933C2F13-9C4E-4B32-8BBB-95ADE5C96CD4}.Debug|Any CPU.Build.0 = Debug|Any CPU
		{933C2F13-9C4E-4B32-8BBB-95ADE5C96CD4}.Release|Any CPU.ActiveCfg = Release|Any CPU
		{933C2F13-9C4E-4B32-8BBB-95ADE5C96CD4}.Release|Any CPU.Build.0 = Release|Any CPU
		{4D6AE5B2-AA11-4123-93BB-ACB7DC7FACE1}.Debug|Any CPU.ActiveCfg = Debug|Any CPU
		{4D6AE5B2-AA11-4123-93BB-ACB7DC7FACE1}.Debug|Any CPU.Build.0 = Debug|Any CPU
		{4D6AE5B2-AA11-4123-93BB-ACB7DC7FACE1}.Release|Any CPU.ActiveCfg = Release|Any CPU
		{4D6AE5B2-AA11-4123-93BB-ACB7DC7FACE1}.Release|Any CPU.Build.0 = Release|Any CPU
		{690CDDEE-88F0-40AE-933A-B5DD7A9EF893}.Debug|Any CPU.ActiveCfg = Debug|Any CPU
		{690CDDEE-88F0-40AE-933A-B5DD7A9EF893}.Debug|Any CPU.Build.0 = Debug|Any CPU
		{690CDDEE-88F0-40AE-933A-B5DD7A9EF893}.Release|Any CPU.ActiveCfg = Release|Any CPU
		{690CDDEE-88F0-40AE-933A-B5DD7A9EF893}.Release|Any CPU.Build.0 = Release|Any CPU
	EndGlobalSection
	GlobalSection(SolutionProperties) = preSolution
		HideSolutionNode = FALSE
	EndGlobalSection
	GlobalSection(ExtensibilityGlobals) = postSolution
		SolutionGuid = {201F3ABC-2F5B-4C92-BA5E-20B96D3B51E0}
	EndGlobalSection
EndGlobal
